
Microsoft Visual Studio Solution File, Format Version 12.00
# Visual Studio Version 17
VisualStudioVersion = 17.5.002.0
MinimumVisualStudioVersion = 10.0.40219.1
Project("{9A19103F-16F7-4668-BE54-9A1E7A4F7556}") = "Travel_Insurance", "Travel_Insurance.csproj", "{AA7354BA-0E3D-456C-8BA6-0A243688A272}"
EndProject
Global
	GlobalSection(SolutionConfigurationPlatforms) = preSolution
		Debug|Any CPU = Debug|Any CPU
		Release|Any CPU = Release|Any CPU
	EndGlobalSection
	GlobalSection(ProjectConfigurationPlatforms) = postSolution
		{AA7354BA-0E3D-456C-8BA6-0A243688A272}.Debug|Any CPU.ActiveCfg = Debug|Any CPU
		{AA7354BA-0E3D-456C-8BA6-0A243688A272}.Debug|Any CPU.Build.0 = Debug|Any CPU
		{AA7354BA-0E3D-456C-8BA6-0A243688A272}.Release|Any CPU.ActiveCfg = Release|Any CPU
		{AA7354BA-0E3D-456C-8BA6-0A243688A272}.Release|Any CPU.Build.0 = Release|Any CPU
	EndGlobalSection
	GlobalSection(SolutionProperties) = preSolution
		HideSolutionNode = FALSE
	EndGlobalSection
	GlobalSection(ExtensibilityGlobals) = postSolution
		SolutionGuid = {758D8400-2B9F-4EA4-BCDD-A4716EB8D3ED}
	EndGlobalSection
EndGlobal
